
Microsoft Visual Studio Solution File, Format Version 12.00
# Visual Studio 14
VisualStudioVersion = 14.0.25420.1
MinimumVisualStudioVersion = 10.0.40219.1
Project("{F184B08F-C81C-45F6-A57F-5ABD9991F28F}") = "App_WinForm_EJERCICIO_20170620", "App_WinForm_EJERCICIO_20170620\App_WinForm_EJERCICIO_20170620.vbproj", "{18A13F64-A002-43FA-9138-E90B14FC54B8}"
EndProject
Global
	GlobalSection(SolutionConfigurationPlatforms) = preSolution
		Debug|Any CPU = Debug|Any CPU
		Release|Any CPU = Release|Any CPU
	EndGlobalSection
	GlobalSection(ProjectConfigurationPlatforms) = postSolution
		{18A13F64-A002-43FA-9138-E90B14FC54B8}.Debug|Any CPU.ActiveCfg = Debug|Any CPU
		{18A13F64-A002-43FA-9138-E90B14FC54B8}.Debug|Any CPU.Build.0 = Debug|Any CPU
		{18A13F64-A002-43FA-9138-E90B14FC54B8}.Release|Any CPU.ActiveCfg = Release|Any CPU
		{18A13F64-A002-43FA-9138-E90B14FC54B8}.Release|Any CPU.Build.0 = Release|Any CPU
	EndGlobalSection
	GlobalSection(SolutionProperties) = preSolution
		HideSolutionNode = FALSE
	EndGlobalSection
EndGlobal
